
Microsoft Visual Studio Solution File, Format Version 12.00
# Visual Studio 15
VisualStudioVersion = 15.0.27703.2047
MinimumVisualStudioVersion = 10.0.40219.1
Project("{9A19103F-16F7-4668-BE54-9A1E7A4F7556}") = "Fabric.Metadata.FileService.Client", "Fabric.Metadata.FileService.Client\Fabric.Metadata.FileService.Client.csproj", "{8FD224A3-762F-4637-A20F-F90C2AC7F109}"
EndProject
Global
	GlobalSection(SolutionConfigurationPlatforms) = preSolution
		Debug|Any CPU = Debug|Any CPU
		Release|Any CPU = Release|Any CPU
	EndGlobalSection
	GlobalSection(ProjectConfigurationPlatforms) = postSolution
		{8FD224A3-762F-4637-A20F-F90C2AC7F109}.Debug|Any CPU.ActiveCfg = Debug|Any CPU
		{8FD224A3-762F-4637-A20F-F90C2AC7F109}.Debug|Any CPU.Build.0 = Debug|Any CPU
		{8FD224A3-762F-4637-A20F-F90C2AC7F109}.Release|Any CPU.ActiveCfg = Release|Any CPU
		{8FD224A3-762F-4637-A20F-F90C2AC7F109}.Release|Any CPU.Build.0 = Release|Any CPU
	EndGlobalSection
	GlobalSection(SolutionProperties) = preSolution
		HideSolutionNode = FALSE
	EndGlobalSection
	GlobalSection(ExtensibilityGlobals) = postSolution
		SolutionGuid = {E1F04CA3-7E6C-4515-A93A-963E844F4F51}
	EndGlobalSection
EndGlobal
